// !$*UTF8*$!
{
	archiveVersion = 1;
	classes = {
	};
	objectVersion = 46;
	objects = {

/* Begin PBXBuildFile section */
		884518EC1969AD5B005CBD14 /* Foundation.framework in Frameworks */ = {isa = PBXBuildFile; fileRef = 884518EB1969AD5B005CBD14 /* Foundation.framework */; };
		884518EE1969AD5B005CBD14 /* CoreGraphics.framework in Frameworks */ = {isa = PBXBuildFile; fileRef = 884518ED1969AD5B005CBD14 /* CoreGraphics.framework */; };
		884518F01969AD5B005CBD14 /* UIKit.framework in Frameworks */ = {isa = PBXBuildFile; fileRef = 884518EF1969AD5B005CBD14 /* UIKit.framework */; };
		884518F61969AD5B005CBD14 /* InfoPlist.strings in Resources */ = {isa = PBXBuildFile; fileRef = 884518F41969AD5B005CBD14 /* InfoPlist.strings */; };
		884518F81969AD5B005CBD14 /* main.m in Sources */ = {isa = PBXBuildFile; fileRef = 884518F71969AD5B005CBD14 /* main.m */; };
		884518FC1969AD5B005CBD14 /* TNTAppDelegate.m in Sources */ = {isa = PBXBuildFile; fileRef = 884518FB1969AD5B005CBD14 /* TNTAppDelegate.m */; };
		884518FF1969AD5B005CBD14 /* Main.storyboard in Resources */ = {isa = PBXBuildFile; fileRef = 884518FD1969AD5B005CBD14 /* Main.storyboard */; };
		884519021969AD5B005CBD14 /* TNTPeopleViewController.m in Sources */ = {isa = PBXBuildFile; fileRef = 884519011969AD5B005CBD14 /* TNTPeopleViewController.m */; };
		884519051969AD5B005CBD14 /* TNTDetailViewController.m in Sources */ = {isa = PBXBuildFile; fileRef = 884519041969AD5B005CBD14 /* TNTDetailViewController.m */; };
		884519071969AD5B005CBD14 /* Images.xcassets in Resources */ = {isa = PBXBuildFile; fileRef = 884519061969AD5B005CBD14 /* Images.xcassets */; };
		8845190E1969AD5B005CBD14 /* XCTest.framework in Frameworks */ = {isa = PBXBuildFile; fileRef = 8845190D1969AD5B005CBD14 /* XCTest.framework */; };
		8845190F1969AD5C005CBD14 /* Foundation.framework in Frameworks */ = {isa = PBXBuildFile; fileRef = 884518EB1969AD5B005CBD14 /* Foundation.framework */; };
		884519101969AD5C005CBD14 /* UIKit.framework in Frameworks */ = {isa = PBXBuildFile; fileRef = 884518EF1969AD5B005CBD14 /* UIKit.framework */; };
		884519181969AD5C005CBD14 /* InfoPlist.strings in Resources */ = {isa = PBXBuildFile; fileRef = 884519161969AD5C005CBD14 /* InfoPlist.strings */; };
		8845191A1969AD5C005CBD14 /* InlineDatePickerTests.m in Sources */ = {isa = PBXBuildFile; fileRef = 884519191969AD5C005CBD14 /* InlineDatePickerTests.m */; };
/* End PBXBuildFile section */

/* Begin PBXContainerItemProxy section */
		884519111969AD5C005CBD14 /* PBXContainerItemProxy */ = {
			isa = PBXContainerItemProxy;
			containerPortal = 884518E01969AD5B005CBD14 /* Project object */;
			proxyType = 1;
			remoteGlobalIDString = 884518E71969AD5B005CBD14;
			remoteInfo = InlineDatePicker;
		};
/* End PBXContainerItemProxy section */

/* Begin PBXFileReference section */
		884518E81969AD5B005CBD14 /* InlineDatePicker.app */ = {isa = PBXFileReference; explicitFileType = wrapper.application; includeInIndex = 0; path = InlineDatePicker.app; sourceTree = BUILT_PRODUCTS_DIR; };
		884518EB1969AD5B005CBD14 /* Foundation.framework */ = {isa = PBXFileReference; lastKnownFileType = wrapper.framework; name = Foundation.framework; path = System/Library/Frameworks/Foundation.framework; sourceTree = SDKROOT; };
		884518ED1969AD5B005CBD14 /* CoreGraphics.framework */ = {isa = PBXFileReference; lastKnownFileType = wrapper.framework; name = CoreGraphics.framework; path = System/Library/Frameworks/CoreGraphics.framework; sourceTree = SDKROOT; };
		884518EF1969AD5B005CBD14 /* UIKit.framework */ = {isa = PBXFileReference; lastKnownFileType = wrapper.framework; name = UIKit.framework; path = System/Library/Frameworks/UIKit.framework; sourceTree = SDKROOT; };
		884518F31969AD5B005CBD14 /* InlineDatePicker-Info.plist */ = {isa = PBXFileReference; lastKnownFileType = text.plist.xml; path = "InlineDatePicker-Info.plist"; sourceTree = "<group>"; };
		884518F51969AD5B005CBD14 /* en */ = {isa = PBXFileReference; lastKnownFileType = text.plist.strings; name = en; path = en.lproj/InfoPlist.strings; sourceTree = "<group>"; };
		884518F71969AD5B005CBD14 /* main.m */ = {isa = PBXFileReference; lastKnownFileType = sourcecode.c.objc; path = main.m; sourceTree = "<group>"; };
		884518F91969AD5B005CBD14 /* InlineDatePicker-Prefix.pch */ = {isa = PBXFileReference; lastKnownFileType = sourcecode.c.h; path = "InlineDatePicker-Prefix.pch"; sourceTree = "<group>"; };
		884518FA1969AD5B005CBD14 /* TNTAppDelegate.h */ = {isa = PBXFileReference; lastKnownFileType = sourcecode.c.h; path = TNTAppDelegate.h; sourceTree = "<group>"; };
		884518FB1969AD5B005CBD14 /* TNTAppDelegate.m */ = {isa = PBXFileReference; lastKnownFileType = sourcecode.c.objc; path = TNTAppDelegate.m; sourceTree = "<group>"; };
		884518FE1969AD5B005CBD14 /* Base */ = {isa = PBXFileReference; lastKnownFileType = file.storyboard; name = Base; path = Base.lproj/Main.storyboard; sourceTree = "<group>"; };
		884519001969AD5B005CBD14 /* TNTPeopleViewController.h */ = {isa = PBXFileReference; lastKnownFileType = sourcecode.c.h; path = TNTPeopleViewController.h; sourceTree = "<group>"; };
		884519011969AD5B005CBD14 /* TNTPeopleViewController.m */ = {isa = PBXFileReference; lastKnownFileType = sourcecode.c.objc; path = TNTPeopleViewController.m; sourceTree = "<group>"; };
		884519031969AD5B005CBD14 /* TNTDetailViewController.h */ = {isa = PBXFileReference; lastKnownFileType = sourcecode.c.h; path = TNTDetailViewController.h; sourceTree = "<group>"; };
		884519041969AD5B005CBD14 /* TNTDetailViewController.m */ = {isa = PBXFileReference; lastKnownFileType = sourcecode.c.objc; path = TNTDetailViewController.m; sourceTree = "<group>"; };
		884519061969AD5B005CBD14 /* Images.xcassets */ = {isa = PBXFileReference; lastKnownFileType = folder.assetcatalog; path = Images.xcassets; sourceTree = "<group>"; };
		8845190C1969AD5B005CBD14 /* InlineDatePickerTests.xctest */ = {isa = PBXFileReference; explicitFileType = wrapper.cfbundle; includeInIndex = 0; path = InlineDatePickerTests.xctest; sourceTree = BUILT_PRODUCTS_DIR; };
		8845190D1969AD5B005CBD14 /* XCTest.framework */ = {isa = PBXFileReference; lastKnownFileType = wrapper.framework; name = XCTest.framework; path = Library/Frameworks/XCTest.framework; sourceTree = DEVELOPER_DIR; };
		884519151969AD5C005CBD14 /* InlineDatePickerTests-Info.plist */ = {isa = PBXFileReference; lastKnownFileType = text.plist.xml; path = "InlineDatePickerTests-Info.plist"; sourceTree = "<group>"; };
		884519171969AD5C005CBD14 /* en */ = {isa = PBXFileReference; lastKnownFileType = text.plist.strings; name = en; path = en.lproj/InfoPlist.strings; sourceTree = "<group>"; };
		884519191969AD5C005CBD14 /* InlineDatePickerTests.m */ = {isa = PBXFileReference; lastKnownFileType = sourcecode.c.objc; path = InlineDatePickerTests.m; sourceTree = "<group>"; };
/* End PBXFileReference section */

/* Begin PBXFrameworksBuildPhase section */
		884518E51969AD5B005CBD14 /* Frameworks */ = {
			isa = PBXFrameworksBuildPhase;
			buildActionMask = 2147483647;
			files = (
				884518EE1969AD5B005CBD14 /* CoreGraphics.framework in Frameworks */,
				884518F01969AD5B005CBD14 /* UIKit.framework in Frameworks */,
				884518EC1969AD5B005CBD14 /* Foundation.framework in Frameworks */,
			);
			runOnlyForDeploymentPostprocessing = 0;
		};
		884519091969AD5B005CBD14 /* Frameworks */ = {
			isa = PBXFrameworksBuildPhase;
			buildActionMask = 2147483647;
			files = (
				8845190E1969AD5B005CBD14 /* XCTest.framework in Frameworks */,
				884519101969AD5C005CBD14 /* UIKit.framework in Frameworks */,
				8845190F1969AD5C005CBD14 /* Foundation.framework in Frameworks */,
			);
			runOnlyForDeploymentPostprocessing = 0;
		};
/* End PBXFrameworksBuildPhase section */

/* Begin PBXGroup section */
		884518DF1969AD5B005CBD14 = {
			isa = PBXGroup;
			children = (
				884518F11969AD5B005CBD14 /* InlineDatePicker */,
				884519131969AD5C005CBD14 /* InlineDatePickerTests */,
				884518EA1969AD5B005CBD14 /* Frameworks */,
				884518E91969AD5B005CBD14 /* Products */,
			);
			sourceTree = "<group>";
		};
		884518E91969AD5B005CBD14 /* Products */ = {
			isa = PBXGroup;
			children = (
				884518E81969AD5B005CBD14 /* InlineDatePicker.app */,
				8845190C1969AD5B005CBD14 /* InlineDatePickerTests.xctest */,
			);
			name = Products;
			sourceTree = "<group>";
		};
		884518EA1969AD5B005CBD14 /* Frameworks */ = {
			isa = PBXGroup;
			children = (
				884518EB1969AD5B005CBD14 /* Foundation.framework */,
				884518ED1969AD5B005CBD14 /* CoreGraphics.framework */,
				884518EF1969AD5B005CBD14 /* UIKit.framework */,
				8845190D1969AD5B005CBD14 /* XCTest.framework */,
			);
			name = Frameworks;
			sourceTree = "<group>";
		};
		884518F11969AD5B005CBD14 /* InlineDatePicker */ = {
			isa = PBXGroup;
			children = (
				884518FA1969AD5B005CBD14 /* TNTAppDelegate.h */,
				884518FB1969AD5B005CBD14 /* TNTAppDelegate.m */,
				884518FD1969AD5B005CBD14 /* Main.storyboard */,
				884519001969AD5B005CBD14 /* TNTPeopleViewController.h */,
				884519011969AD5B005CBD14 /* TNTPeopleViewController.m */,
				884519031969AD5B005CBD14 /* TNTDetailViewController.h */,
				884519041969AD5B005CBD14 /* TNTDetailViewController.m */,
				884519061969AD5B005CBD14 /* Images.xcassets */,
				884518F21969AD5B005CBD14 /* Supporting Files */,
			);
			path = InlineDatePicker;
			sourceTree = "<group>";
		};
		884518F21969AD5B005CBD14 /* Supporting Files */ = {
			isa = PBXGroup;
			children = (
				884518F31969AD5B005CBD14 /* InlineDatePicker-Info.plist */,
				884518F41969AD5B005CBD14 /* InfoPlist.strings */,
				884518F71969AD5B005CBD14 /* main.m */,
				884518F91969AD5B005CBD14 /* InlineDatePicker-Prefix.pch */,
			);
			name = "Supporting Files";
			sourceTree = "<group>";
		};
		884519131969AD5C005CBD14 /* InlineDatePickerTests */ = {
			isa = PBXGroup;
			children = (
				884519191969AD5C005CBD14 /* InlineDatePickerTests.m */,
				884519141969AD5C005CBD14 /* Supporting Files */,
			);
			path = InlineDatePickerTests;
			sourceTree = "<group>";
		};
		884519141969AD5C005CBD14 /* Supporting Files */ = {
			isa = PBXGroup;
			children = (
				884519151969AD5C005CBD14 /* InlineDatePickerTests-Info.plist */,
				884519161969AD5C005CBD14 /* InfoPlist.strings */,
			);
			name = "Supporting Files";
			sourceTree = "<group>";
		};
/* End PBXGroup section */

/* Begin PBXNativeTarget section */
		884518E71969AD5B005CBD14 /* InlineDatePicker */ = {
			isa = PBXNativeTarget;
			buildConfigurationList = 8845191D1969AD5C005CBD14 /* Build configuration list for PBXNativeTarget "InlineDatePicker" */;
			buildPhases = (
				884518E41969AD5B005CBD14 /* Sources */,
				884518E51969AD5B005CBD14 /* Frameworks */,
				884518E61969AD5B005CBD14 /* Resources */,
			);
			buildRules = (
			);
			dependencies = (
			);
			name = InlineDatePicker;
			productName = InlineDatePicker;
			productReference = 884518E81969AD5B005CBD14 /* InlineDatePicker.app */;
			productType = "com.apple.product-type.application";
		};
		8845190B1969AD5B005CBD14 /* InlineDatePickerTests */ = {
			isa = PBXNativeTarget;
			buildConfigurationList = 884519201969AD5C005CBD14 /* Build configuration list for PBXNativeTarget "InlineDatePickerTests" */;
			buildPhases = (
				884519081969AD5B005CBD14 /* Sources */,
				884519091969AD5B005CBD14 /* Frameworks */,
				8845190A1969AD5B005CBD14 /* Resources */,
			);
			buildRules = (
			);
			dependencies = (
				884519121969AD5C005CBD14 /* PBXTargetDependency */,
			);
			name = InlineDatePickerTests;
			productName = InlineDatePickerTests;
			productReference = 8845190C1969AD5B005CBD14 /* InlineDatePickerTests.xctest */;
			productType = "com.apple.product-type.bundle.unit-test";
		};
/* End PBXNativeTarget section */

/* Begin PBXProject section */
		884518E01969AD5B005CBD14 /* Project object */ = {
			isa = PBXProject;
			attributes = {
				CLASSPREFIX = TNT;
				LastUpgradeCheck = 0510;
				ORGANIZATIONNAME = "The New Tricks";
				TargetAttributes = {
					8845190B1969AD5B005CBD14 = {
						TestTargetID = 884518E71969AD5B005CBD14;
					};
				};
			};
			buildConfigurationList = 884518E31969AD5B005CBD14 /* Build configuration list for PBXProject "InlineDatePicker" */;
			compatibilityVersion = "Xcode 3.2";
			developmentRegion = English;
			hasScannedForEncodings = 0;
			knownRegions = (
				en,
				Base,
			);
			mainGroup = 884518DF1969AD5B005CBD14;
			productRefGroup = 884518E91969AD5B005CBD14 /* Products */;
			projectDirPath = "";
			projectRoot = "";
			targets = (
				884518E71969AD5B005CBD14 /* InlineDatePicker */,
				8845190B1969AD5B005CBD14 /* InlineDatePickerTests */,
			);
		};
/* End PBXProject section */

/* Begin PBXResourcesBuildPhase section */
		884518E61969AD5B005CBD14 /* Resources */ = {
			isa = PBXResourcesBuildPhase;
			buildActionMask = 2147483647;
			files = (
				884519071969AD5B005CBD14 /* Images.xcassets in Resources */,
				884518F61969AD5B005CBD14 /* InfoPlist.strings in Resources */,
				884518FF1969AD5B005CBD14 /* Main.storyboard in Resources */,
			);
			runOnlyForDeploymentPostprocessing = 0;
		};
		8845190A1969AD5B005CBD14 /* Resources */ = {
			isa = PBXResourcesBuildPhase;
			buildActionMask = 2147483647;
			files = (
				884519181969AD5C005CBD14 /* InfoPlist.strings in Resources */,
			);
			runOnlyForDeploymentPostprocessing = 0;
		};
/* End PBXResourcesBuildPhase section */

/* Begin PBXSourcesBuildPhase section */
		884518E41969AD5B005CBD14 /* Sources */ = {
			isa = PBXSourcesBuildPhase;
			buildActionMask = 2147483647;
			files = (
				884519051969AD5B005CBD14 /* TNTDetailViewController.m in Sources */,
				884518F81969AD5B005CBD14 /* main.m in Sources */,
				884519021969AD5B005CBD14 /* TNTPeopleViewController.m in Sources */,
				884518FC1969AD5B005CBD14 /* TNTAppDelegate.m in Sources */,
			);
			runOnlyForDeploymentPostprocessing = 0;
		};
		884519081969AD5B005CBD14 /* Sources */ = {
			isa = PBXSourcesBuildPhase;
			buildActionMask = 2147483647;
			files = (
				8845191A1969AD5C005CBD14 /* InlineDatePickerTests.m in Sources */,
			);
			runOnlyForDeploymentPostprocessing = 0;
		};
/* End PBXSourcesBuildPhase section */

/* Begin PBXTargetDependency section */
		884519121969AD5C005CBD14 /* PBXTargetDependency */ = {
			isa = PBXTargetDependency;
			target = 884518E71969AD5B005CBD14 /* InlineDatePicker */;
			targetProxy = 884519111969AD5C005CBD14 /* PBXContainerItemProxy */;
		};
/* End PBXTargetDependency section */

/* Begin PBXVariantGroup section */
		884518F41969AD5B005CBD14 /* InfoPlist.strings */ = {
			isa = PBXVariantGroup;
			children = (
				884518F51969AD5B005CBD14 /* en */,
			);
			name = InfoPlist.strings;
			sourceTree = "<group>";
		};
		884518FD1969AD5B005CBD14 /* Main.storyboard */ = {
			isa = PBXVariantGroup;
			children = (
				884518FE1969AD5B005CBD14 /* Base */,
			);
			name = Main.storyboard;
			sourceTree = "<group>";
		};
		884519161969AD5C005CBD14 /* InfoPlist.strings */ = {
			isa = PBXVariantGroup;
			children = (
				884519171969AD5C005CBD14 /* en */,
			);
			name = InfoPlist.strings;
			sourceTree = "<group>";
		};
/* End PBXVariantGroup section */

/* Begin XCBuildConfiguration section */
		8845191B1969AD5C005CBD14 /* Debug */ = {
			isa = XCBuildConfiguration;
			buildSettings = {
				ALWAYS_SEARCH_USER_PATHS = NO;
				CLANG_CXX_LANGUAGE_STANDARD = "gnu++0x";
				CLANG_CXX_LIBRARY = "libc++";
				CLANG_ENABLE_MODULES = YES;
				CLANG_ENABLE_OBJC_ARC = YES;
				CLANG_WARN_BOOL_CONVERSION = YES;
				CLANG_WARN_CONSTANT_CONVERSION = YES;
				CLANG_WARN_DIRECT_OBJC_ISA_USAGE = YES_ERROR;
				CLANG_WARN_EMPTY_BODY = YES;
				CLANG_WARN_ENUM_CONVERSION = YES;
				CLANG_WARN_INT_CONVERSION = YES;
				CLANG_WARN_OBJC_ROOT_CLASS = YES_ERROR;
				CLANG_WARN__DUPLICATE_METHOD_MATCH = YES;
				"CODE_SIGN_IDENTITY[sdk=iphoneos*]" = "iPhone Developer";
				COPY_PHASE_STRIP = NO;
				GCC_C_LANGUAGE_STANDARD = gnu99;
				GCC_DYNAMIC_NO_PIC = NO;
				GCC_OPTIMIZATION_LEVEL = 0;
				GCC_PREPROCESSOR_DEFINITIONS = (
					"DEBUG=1",
					"$(inherited)",
				);
				GCC_SYMBOLS_PRIVATE_EXTERN = NO;
				GCC_WARN_64_TO_32_BIT_CONVERSION = YES;
				GCC_WARN_ABOUT_RETURN_TYPE = YES_ERROR;
				GCC_WARN_UNDECLARED_SELECTOR = YES;
				GCC_WARN_UNINITIALIZED_AUTOS = YES_AGGRESSIVE;
				GCC_WARN_UNUSED_FUNCTION = YES;
				GCC_WARN_UNUSED_VARIABLE = YES;
				IPHONEOS_DEPLOYMENT_TARGET = 7.1;
				ONLY_ACTIVE_ARCH = YES;
				SDKROOT = iphoneos;
			};
			name = Debug;
		};
		8845191C1969AD5C005CBD14 /* Release */ = {
			isa = XCBuildConfiguration;
			buildSettings = {
				ALWAYS_SEARCH_USER_PATHS = NO;
				CLANG_CXX_LANGUAGE_STANDARD = "gnu++0x";
				CLANG_CXX_LIBRARY = "libc++";
				CLANG_ENABLE_MODULES = YES;
				CLANG_ENABLE_OBJC_ARC = YES;
				CLANG_WARN_BOOL_CONVERSION = YES;
				CLANG_WARN_CONSTANT_CONVERSION = YES;
				CLANG_WARN_DIRECT_OBJC_ISA_USAGE = YES_ERROR;
				CLANG_WARN_EMPTY_BODY = YES;
				CLANG_WARN_ENUM_CONVERSION = YES;
				CLANG_WARN_INT_CONVERSION = YES;
				CLANG_WARN_OBJC_ROOT_CLASS = YES_ERROR;
				CLANG_WARN__DUPLICATE_METHOD_MATCH = YES;
				"CODE_SIGN_IDENTITY[sdk=iphoneos*]" = "iPhone Developer";
				COPY_PHASE_STRIP = YES;
				ENABLE_NS_ASSERTIONS = NO;
				GCC_C_LANGUAGE_STANDARD = gnu99;
				GCC_WARN_64_TO_32_BIT_CONVERSION = YES;
				GCC_WARN_ABOUT_RETURN_TYPE = YES_ERROR;
				GCC_WARN_UNDECLARED_SELECTOR = YES;
				GCC_WARN_UNINITIALIZED_AUTOS = YES_AGGRESSIVE;
				GCC_WARN_UNUSED_FUNCTION = YES;
				GCC_WARN_UNUSED_VARIABLE = YES;
				IPHONEOS_DEPLOYMENT_TARGET = 7.1;
				SDKROOT = iphoneos;
				VALIDATE_PRODUCT = YES;
			};
			name = Release;
		};
		8845191E1969AD5C005CBD14 /* Debug */ = {
			isa = XCBuildConfiguration;
			buildSettings = {
				ASSETCATALOG_COMPILER_APPICON_NAME = AppIcon;
				ASSETCATALOG_COMPILER_LAUNCHIMAGE_NAME = LaunchImage;
				GCC_PRECOMPILE_PREFIX_HEADER = YES;
				GCC_PREFIX_HEADER = "InlineDatePicker/InlineDatePicker-Prefix.pch";
				INFOPLIST_FILE = "InlineDatePicker/InlineDatePicker-Info.plist";
				PRODUCT_NAME = "$(TARGET_NAME)";
				WRAPPER_EXTENSION = app;
			};
			name = Debug;
		};
		8845191F1969AD5C005CBD14 /* Release */ = {
			isa = XCBuildConfiguration;
			buildSettings = {
				ASSETCATALOG_COMPILER_APPICON_NAME = AppIcon;
				ASSETCATALOG_COMPILER_LAUNCHIMAGE_NAME = LaunchImage;
				GCC_PRECOMPILE_PREFIX_HEADER = YES;
				GCC_PREFIX_HEADER = "InlineDatePicker/InlineDatePicker-Prefix.pch";
				INFOPLIST_FILE = "InlineDatePicker/InlineDatePicker-Info.plist";
				PRODUCT_NAME = "$(TARGET_NAME)";
				WRAPPER_EXTENSION = app;
			};
			name = Release;
		};
		884519211969AD5C005CBD14 /* Debug */ = {
			isa = XCBuildConfiguration;
			buildSettings = {
				BUNDLE_LOADER = "$(BUILT_PRODUCTS_DIR)/InlineDatePicker.app/InlineDatePicker";
				FRAMEWORK_SEARCH_PATHS = (
					"$(SDKROOT)/Developer/Library/Frameworks",
					"$(inherited)",
					"$(DEVELOPER_FRAMEWORKS_DIR)",
				);
				GCC_PRECOMPILE_PREFIX_HEADER = YES;
				GCC_PREFIX_HEADER = "InlineDatePicker/InlineDatePicker-Prefix.pch";
				GCC_PREPROCESSOR_DEFINITIONS = (
					"DEBUG=1",
					"$(inherited)",
				);
				INFOPLIST_FILE = "InlineDatePickerTests/InlineDatePickerTests-Info.plist";
				PRODUCT_NAME = "$(TARGET_NAME)";
				TEST_HOST = "$(BUNDLE_LOADER)";
				WRAPPER_EXTENSION = xctest;
			};
			name = Debug;
		};
		884519221969AD5C005CBD14 /* Release */ = {
			isa = XCBuildConfiguration;
			buildSettings = {
				BUNDLE_LOADER = "$(BUILT_PRODUCTS_DIR)/InlineDatePicker.app/InlineDatePicker";
				FRAMEWORK_SEARCH_PATHS = (
					"$(SDKROOT)/Developer/Library/Frameworks",
					"$(inherited)",
					"$(DEVELOPER_FRAMEWORKS_DIR)",
				);
				GCC_PRECOMPILE_PREFIX_HEADER = YES;
				GCC_PREFIX_HEADER = "InlineDatePicker/InlineDatePicker-Prefix.pch";
				INFOPLIST_FILE = "InlineDatePickerTests/InlineDatePickerTests-Info.plist";
				PRODUCT_NAME = "$(TARGET_NAME)";
				TEST_HOST = "$(BUNDLE_LOADER)";
				WRAPPER_EXTENSION = xctest;
			};
			name = Release;
		};
/* End XCBuildConfiguration section */

/* Begin XCConfigurationList section */
		884518E31969AD5B005CBD14 /* Build configuration list for PBXProject "InlineDatePicker" */ = {
			isa = XCConfigurationList;
			buildConfigurations = (
				8845191B1969AD5C005CBD14 /* Debug */,
				8845191C1969AD5C005CBD14 /* Release */,
			);
			defaultConfigurationIsVisible = 0;
			defaultConfigurationName = Release;
		};
		8845191D1969AD5C005CBD14 /* Build configuration list for PBXNativeTarget "InlineDatePicker" */ = {
			isa = XCConfigurationList;
			buildConfigurations = (
				8845191E1969AD5C005CBD14 /* Debug */,
				8845191F1969AD5C005CBD14 /* Release */,
			);
			defaultConfigurationIsVisible = 0;
			defaultConfigurationName = Release;
		};
		884519201969AD5C005CBD14 /* Build configuration list for PBXNativeTarget "InlineDatePickerTests" */ = {
			isa = XCConfigurationList;
			buildConfigurations = (
				884519211969AD5C005CBD14 /* Debug */,
				884519221969AD5C005CBD14 /* Release */,
			);
			defaultConfigurationIsVisible = 0;
			defaultConfigurationName = Release;
		};
/* End XCConfigurationList section */
	};
	rootObject = 884518E01969AD5B005CBD14 /* Project object */;
}
